
Microsoft Visual Studio Solution File, Format Version 12.00
# Visual Studio Version 16
VisualStudioVersion = 16.0.29326.143
MinimumVisualStudioVersion = 10.0.40219.1
Project("{FAE04EC0-301F-11D3-BF4B-00C04F79EFBC}") = "Rock,Paper,Scissors", "Rock,Paper,Scissors\Rock,Paper,Scissors.csproj", "{B3F3D5FD-21A8-4D4A-9AB8-82E6E24B2C03}"
EndProject
Global
	GlobalSection(SolutionConfigurationPlatforms) = preSolution
		Debug|Any CPU = Debug|Any CPU
		Release|Any CPU = Release|Any CPU
	EndGlobalSection
	GlobalSection(ProjectConfigurationPlatforms) = postSolution
		{B3F3D5FD-21A8-4D4A-9AB8-82E6E24B2C03}.Debug|Any CPU.ActiveCfg = Debug|Any CPU
		{B3F3D5FD-21A8-4D4A-9AB8-82E6E24B2C03}.Debug|Any CPU.Build.0 = Debug|Any CPU
		{B3F3D5FD-21A8-4D4A-9AB8-82E6E24B2C03}.Release|Any CPU.ActiveCfg = Release|Any CPU
		{B3F3D5FD-21A8-4D4A-9AB8-82E6E24B2C03}.Release|Any CPU.Build.0 = Release|Any CPU
	EndGlobalSection
	GlobalSection(SolutionProperties) = preSolution
		HideSolutionNode = FALSE
	EndGlobalSection
	GlobalSection(ExtensibilityGlobals) = postSolution
		SolutionGuid = {3533AC82-D9DF-4EBE-9AE4-D74433508EC6}
	EndGlobalSection
EndGlobal
